
Microsoft Visual Studio Solution File, Format Version 12.00
# Visual Studio Version 17
VisualStudioVersion = 17.0.31423.177
MinimumVisualStudioVersion = 10.0.40219.1
Project("{9A19103F-16F7-4668-BE54-9A1E7A4F7556}") = "Hive.Api", "Hive.Api\Hive.Api.csproj", "{763BFC54-27D8-43A5-BDB5-3F9D9877153B}"
EndProject
Project("{9A19103F-16F7-4668-BE54-9A1E7A4F7556}") = "Hive.Domain", "Hive.Domain\Hive.Domain.csproj", "{F7213AA5-B802-495E-A357-24C9C84EC0C1}"
EndProject
Project("{9A19103F-16F7-4668-BE54-9A1E7A4F7556}") = "Hive.Domain.Tests", "Hive.Domain.Tests\Hive.Domain.Tests.csproj", "{0C449EA6-AA70-4F0B-BBE5-B8DB3F0209A9}"
EndProject
Project("{9A19103F-16F7-4668-BE54-9A1E7A4F7556}") = "Hive.Api.Tests", "Hive.Api.Tests\Hive.Api.Tests.csproj", "{7200F12A-4474-48C3-84D0-BB8F30C6CA91}"
EndProject
Project("{54A90642-561A-4BB1-A94E-469ADEE60C69}") = "Hive.FrontEnd", "Hive.FrontEnd\Hive.FrontEnd.esproj", "{B96306CE-69B7-4B4F-8298-4F31EDDD7539}"
EndProject
Global
	GlobalSection(SolutionConfigurationPlatforms) = preSolution
		Debug|Any CPU = Debug|Any CPU
		Release|Any CPU = Release|Any CPU
		Test|Any CPU = Test|Any CPU
	EndGlobalSection
	GlobalSection(ProjectConfigurationPlatforms) = postSolution
		{763BFC54-27D8-43A5-BDB5-3F9D9877153B}.Debug|Any CPU.ActiveCfg = Debug|Any CPU
		{763BFC54-27D8-43A5-BDB5-3F9D9877153B}.Debug|Any CPU.Build.0 = Debug|Any CPU
		{763BFC54-27D8-43A5-BDB5-3F9D9877153B}.Release|Any CPU.ActiveCfg = Release|Any CPU
		{763BFC54-27D8-43A5-BDB5-3F9D9877153B}.Release|Any CPU.Build.0 = Release|Any CPU
		{763BFC54-27D8-43A5-BDB5-3F9D9877153B}.Release|Any CPU.Deploy.0 = Release|Any CPU
		{763BFC54-27D8-43A5-BDB5-3F9D9877153B}.Test|Any CPU.ActiveCfg = Test|Any CPU
		{763BFC54-27D8-43A5-BDB5-3F9D9877153B}.Test|Any CPU.Build.0 = Test|Any CPU
		{F7213AA5-B802-495E-A357-24C9C84EC0C1}.Debug|Any CPU.ActiveCfg = Debug|Any CPU
		{F7213AA5-B802-495E-A357-24C9C84EC0C1}.Debug|Any CPU.Build.0 = Debug|Any CPU
		{F7213AA5-B802-495E-A357-24C9C84EC0C1}.Release|Any CPU.ActiveCfg = Release|Any CPU
		{F7213AA5-B802-495E-A357-24C9C84EC0C1}.Test|Any CPU.ActiveCfg = Test|Any CPU
		{F7213AA5-B802-495E-A357-24C9C84EC0C1}.Test|Any CPU.Build.0 = Test|Any CPU
		{F7213AA5-B802-495E-A357-24C9C84EC0C1}.Release|Any CPU.Build.0 = Release|Any CPU
		{0C449EA6-AA70-4F0B-BBE5-B8DB3F0209A9}.Debug|Any CPU.ActiveCfg = Debug|Any CPU
		{0C449EA6-AA70-4F0B-BBE5-B8DB3F0209A9}.Debug|Any CPU.Build.0 = Debug|Any CPU
		{0C449EA6-AA70-4F0B-BBE5-B8DB3F0209A9}.Release|Any CPU.ActiveCfg = Release|Any CPU
		{0C449EA6-AA70-4F0B-BBE5-B8DB3F0209A9}.Test|Any CPU.ActiveCfg = Test|Any CPU
		{0C449EA6-AA70-4F0B-BBE5-B8DB3F0209A9}.Test|Any CPU.Build.0 = Test|Any CPU
		{7200F12A-4474-48C3-84D0-BB8F30C6CA91}.Debug|Any CPU.ActiveCfg = Debug|Any CPU
		{7200F12A-4474-48C3-84D0-BB8F30C6CA91}.Debug|Any CPU.Build.0 = Debug|Any CPU
		{7200F12A-4474-48C3-84D0-BB8F30C6CA91}.Release|Any CPU.ActiveCfg = Release|Any CPU
		{7200F12A-4474-48C3-84D0-BB8F30C6CA91}.Test|Any CPU.ActiveCfg = Test|Any CPU
		{7200F12A-4474-48C3-84D0-BB8F30C6CA91}.Test|Any CPU.Build.0 = Test|Any CPU
		{B96306CE-69B7-4B4F-8298-4F31EDDD7539}.Debug|Any CPU.ActiveCfg = Debug|Any CPU
		{B96306CE-69B7-4B4F-8298-4F31EDDD7539}.Debug|Any CPU.Build.0 = Debug|Any CPU
		{B96306CE-69B7-4B4F-8298-4F31EDDD7539}.Release|Any CPU.ActiveCfg = Release|Any CPU
		{B96306CE-69B7-4B4F-8298-4F31EDDD7539}.Test|Any CPU.ActiveCfg = Release|Any CPU
	EndGlobalSection
	GlobalSection(SolutionProperties) = preSolution
		HideSolutionNode = FALSE
	EndGlobalSection
	GlobalSection(ExtensibilityGlobals) = postSolution
		SolutionGuid = {21C1A9F5-7A6D-4629-B567-5553D00896E5}
	EndGlobalSection
EndGlobal
