
Microsoft Visual Studio Solution File, Format Version 12.00
# Visual Studio Version 16
VisualStudioVersion = 16.0.29911.84
MinimumVisualStudioVersion = 10.0.40219.1
Project("{9A19103F-16F7-4668-BE54-9A1E7A4F7556}") = "Hive.Api", "Api\Hive.Api\Hive.Api.csproj", "{763BFC54-27D8-43A5-BDB5-3F9D9877153B}"
EndProject
Project("{9A19103F-16F7-4668-BE54-9A1E7A4F7556}") = "Hive.Domain", "Domain\Hive.Domain\Hive.Domain.csproj", "{F7213AA5-B802-495E-A357-24C9C84EC0C1}"
EndProject
Project("{9A19103F-16F7-4668-BE54-9A1E7A4F7556}") = "Hive.Domain.Tests", "Domain\Hive.Domain.Tests\Hive.Domain.Tests.csproj", "{0C449EA6-AA70-4F0B-BBE5-B8DB3F0209A9}"
EndProject
Project("{2150E333-8FDC-42A3-9474-1A3956D46DE8}") = "Api", "Api", "{2356A104-411D-4B24-92BD-B98FDB510380}"
EndProject
Project("{2150E333-8FDC-42A3-9474-1A3956D46DE8}") = "Domain", "Domain", "{BA2442AA-64F4-42C0-B366-DCCD22D02B36}"
EndProject
Project("{FAE04EC0-301F-11D3-BF4B-00C04F79EFBC}") = "Hive.Api.Tests", "Api\Hive.Api.Tests\Hive.Api.Tests.csproj", "{7200F12A-4474-48C3-84D0-BB8F30C6CA91}"
EndProject
Global
	GlobalSection(SolutionConfigurationPlatforms) = preSolution
		Debug|Any CPU = Debug|Any CPU
		Release|Any CPU = Release|Any CPU
	EndGlobalSection
	GlobalSection(ProjectConfigurationPlatforms) = postSolution
		{763BFC54-27D8-43A5-BDB5-3F9D9877153B}.Debug|Any CPU.ActiveCfg = Debug|Any CPU
		{763BFC54-27D8-43A5-BDB5-3F9D9877153B}.Debug|Any CPU.Build.0 = Debug|Any CPU
		{763BFC54-27D8-43A5-BDB5-3F9D9877153B}.Release|Any CPU.ActiveCfg = Release|Any CPU
		{763BFC54-27D8-43A5-BDB5-3F9D9877153B}.Release|Any CPU.Build.0 = Release|Any CPU
		{763BFC54-27D8-43A5-BDB5-3F9D9877153B}.Release|Any CPU.Deploy.0 = Release|Any CPU
		{F7213AA5-B802-495E-A357-24C9C84EC0C1}.Debug|Any CPU.ActiveCfg = Debug|Any CPU
		{F7213AA5-B802-495E-A357-24C9C84EC0C1}.Debug|Any CPU.Build.0 = Debug|Any CPU
		{F7213AA5-B802-495E-A357-24C9C84EC0C1}.Release|Any CPU.ActiveCfg = Release|Any CPU
		{F7213AA5-B802-495E-A357-24C9C84EC0C1}.Release|Any CPU.Build.0 = Release|Any CPU
		{0C449EA6-AA70-4F0B-BBE5-B8DB3F0209A9}.Debug|Any CPU.ActiveCfg = Debug|Any CPU
		{0C449EA6-AA70-4F0B-BBE5-B8DB3F0209A9}.Debug|Any CPU.Build.0 = Debug|Any CPU
		{0C449EA6-AA70-4F0B-BBE5-B8DB3F0209A9}.Release|Any CPU.ActiveCfg = Release|Any CPU
		{7200F12A-4474-48C3-84D0-BB8F30C6CA91}.Debug|Any CPU.ActiveCfg = Debug|Any CPU
		{7200F12A-4474-48C3-84D0-BB8F30C6CA91}.Debug|Any CPU.Build.0 = Debug|Any CPU
		{7200F12A-4474-48C3-84D0-BB8F30C6CA91}.Release|Any CPU.ActiveCfg = Release|Any CPU
	EndGlobalSection
	GlobalSection(SolutionProperties) = preSolution
		HideSolutionNode = FALSE
	EndGlobalSection
	GlobalSection(NestedProjects) = preSolution
		{763BFC54-27D8-43A5-BDB5-3F9D9877153B} = {2356A104-411D-4B24-92BD-B98FDB510380}
		{F7213AA5-B802-495E-A357-24C9C84EC0C1} = {BA2442AA-64F4-42C0-B366-DCCD22D02B36}
		{0C449EA6-AA70-4F0B-BBE5-B8DB3F0209A9} = {BA2442AA-64F4-42C0-B366-DCCD22D02B36}
		{7200F12A-4474-48C3-84D0-BB8F30C6CA91} = {2356A104-411D-4B24-92BD-B98FDB510380}
	EndGlobalSection
	GlobalSection(ExtensibilityGlobals) = postSolution
		SolutionGuid = {21C1A9F5-7A6D-4629-B567-5553D00896E5}
	EndGlobalSection
EndGlobal
